Microsoft Visual Studio Solution File, Format Version 12.00
# Visual Studio 15
VisualStudioVersion = 15.0.27130.2027
MinimumVisualStudioVersion = 10.0.40219.1
Project("{F184B08F-C81C-45F6-A57F-5ABD9991F28F}") = "SaveDashboardDB", "SaveDashboardDB\SaveDashboardDB.vbproj", "{6965EB12-93E6-4B8A-8FB7-150AF7F45FFA}"
EndProject
Global
	GlobalSection(SolutionConfigurationPlatforms) = preSolution
		Debug|Any CPU = Debug|Any CPU
		Release|Any CPU = Release|Any CPU
	EndGlobalSection
	GlobalSection(ProjectConfigurationPlatforms) = postSolution
		{6965EB12-93E6-4B8A-8FB7-150AF7F45FFA}.Debug|Any CPU.ActiveCfg = Debug|Any CPU
		{6965EB12-93E6-4B8A-8FB7-150AF7F45FFA}.Debug|Any CPU.Build.0 = Debug|Any CPU
		{6965EB12-93E6-4B8A-8FB7-150AF7F45FFA}.Release|Any CPU.ActiveCfg = Release|Any CPU
		{6965EB12-93E6-4B8A-8FB7-150AF7F45FFA}.Release|Any CPU.Build.0 = Release|Any CPU
	EndGlobalSection
	GlobalSection(SolutionProperties) = preSolution
		HideSolutionNode = FALSE
	EndGlobalSection
	GlobalSection(ExtensibilityGlobals) = postSolution
		SolutionGuid = {754B1D62-D4EB-4159-AA13-54CAA7A241A3}
	EndGlobalSection
EndGlobal
